
Microsoft Visual Studio Solution File, Format Version 12.00
# Visual Studio 15
VisualStudioVersion = 15.0.28307.645
MinimumVisualStudioVersion = 10.0.40219.1
Project("{FAE04EC0-301F-11D3-BF4B-00C04F79EFBC}") = "apiTekoArte", "apiTekoArte\apiTekoArte.csproj", "{620196EC-B9A7-4DB2-836A-02D2E4FCC35E}"
EndProject
Global
	GlobalSection(SolutionConfigurationPlatforms) = preSolution
		Debug|Any CPU = Debug|Any CPU
		Release|Any CPU = Release|Any CPU
	EndGlobalSection
	GlobalSection(ProjectConfigurationPlatforms) = postSolution
		{620196EC-B9A7-4DB2-836A-02D2E4FCC35E}.Debug|Any CPU.ActiveCfg = Debug|Any CPU
		{620196EC-B9A7-4DB2-836A-02D2E4FCC35E}.Debug|Any CPU.Build.0 = Debug|Any CPU
		{620196EC-B9A7-4DB2-836A-02D2E4FCC35E}.Release|Any CPU.ActiveCfg = Release|Any CPU
		{620196EC-B9A7-4DB2-836A-02D2E4FCC35E}.Release|Any CPU.Build.0 = Release|Any CPU
	EndGlobalSection
	GlobalSection(SolutionProperties) = preSolution
		HideSolutionNode = FALSE
	EndGlobalSection
	GlobalSection(ExtensibilityGlobals) = postSolution
		SolutionGuid = {B09A3880-782C-4B10-A7A8-B2006AE0FCA5}
	EndGlobalSection
EndGlobal
